
Microsoft Visual Studio Solution File, Format Version 12.00
# Visual Studio Version 17
VisualStudioVersion = 17.2.32519.379
MinimumVisualStudioVersion = 10.0.40219.1
Project("{8BC9CEB8-8B4A-11D0-8D11-00A0C91BC942}") = "WSLTux", "WSLTux\WSLTux.vcxproj", "{7E7B92BE-580D-43A0-B671-2E881E014DAC}"
EndProject
Project("{54435603-DBB4-11D2-8724-00A0C9A8B90C}") = "WSLTuxSetup", "WSLTuxSetup\WSLTuxSetup.vdproj", "{D2C43C80-C791-4AB6-8A8C-5C6CD0094808}"
EndProject
Project("{C7167F0D-BC9F-4E6E-AFE1-012C56B48DB5}") = "WSLTuxMSIX", "WSLTuxMSIX\WSLTuxMSIX.wapproj", "{99EEA78C-4922-4B51-A793-90416655DC7F}"
EndProject
Global
	GlobalSection(SolutionConfigurationPlatforms) = preSolution
		Debug|Any CPU = Debug|Any CPU
		Debug|ARM = Debug|ARM
		Debug|ARM64 = Debug|ARM64
		Debug|x64 = Debug|x64
		Debug|x86 = Debug|x86
		Release|Any CPU = Release|Any CPU
		Release|ARM = Release|ARM
		Release|ARM64 = Release|ARM64
		Release|x64 = Release|x64
		Release|x86 = Release|x86
	EndGlobalSection
	GlobalSection(ProjectConfigurationPlatforms) = postSolution
		{7E7B92BE-580D-43A0-B671-2E881E014DAC}.Debug|Any CPU.ActiveCfg = Debug|x64
		{7E7B92BE-580D-43A0-B671-2E881E014DAC}.Debug|Any CPU.Build.0 = Debug|x64
		{7E7B92BE-580D-43A0-B671-2E881E014DAC}.Debug|ARM.ActiveCfg = Debug|x64
		{7E7B92BE-580D-43A0-B671-2E881E014DAC}.Debug|ARM.Build.0 = Debug|x64
		{7E7B92BE-580D-43A0-B671-2E881E014DAC}.Debug|ARM64.ActiveCfg = Debug|x64
		{7E7B92BE-580D-43A0-B671-2E881E014DAC}.Debug|ARM64.Build.0 = Debug|x64
		{7E7B92BE-580D-43A0-B671-2E881E014DAC}.Debug|x64.ActiveCfg = Debug|x64
		{7E7B92BE-580D-43A0-B671-2E881E014DAC}.Debug|x64.Build.0 = Debug|x64
		{7E7B92BE-580D-43A0-B671-2E881E014DAC}.Debug|x86.ActiveCfg = Debug|Win32
		{7E7B92BE-580D-43A0-B671-2E881E014DAC}.Debug|x86.Build.0 = Debug|Win32
		{7E7B92BE-580D-43A0-B671-2E881E014DAC}.Release|Any CPU.ActiveCfg = Release|x64
		{7E7B92BE-580D-43A0-B671-2E881E014DAC}.Release|Any CPU.Build.0 = Release|x64
		{7E7B92BE-580D-43A0-B671-2E881E014DAC}.Release|ARM.ActiveCfg = Release|x64
		{7E7B92BE-580D-43A0-B671-2E881E014DAC}.Release|ARM.Build.0 = Release|x64
		{7E7B92BE-580D-43A0-B671-2E881E014DAC}.Release|ARM64.ActiveCfg = Release|x64
		{7E7B92BE-580D-43A0-B671-2E881E014DAC}.Release|ARM64.Build.0 = Release|x64
		{7E7B92BE-580D-43A0-B671-2E881E014DAC}.Release|x64.ActiveCfg = Release|x64
		{7E7B92BE-580D-43A0-B671-2E881E014DAC}.Release|x64.Build.0 = Release|x64
		{7E7B92BE-580D-43A0-B671-2E881E014DAC}.Release|x86.ActiveCfg = Release|Win32
		{7E7B92BE-580D-43A0-B671-2E881E014DAC}.Release|x86.Build.0 = Release|Win32
		{D2C43C80-C791-4AB6-8A8C-5C6CD0094808}.Debug|Any CPU.ActiveCfg = Debug
		{D2C43C80-C791-4AB6-8A8C-5C6CD0094808}.Debug|Any CPU.Build.0 = Debug
		{D2C43C80-C791-4AB6-8A8C-5C6CD0094808}.Debug|ARM.ActiveCfg = Debug
		{D2C43C80-C791-4AB6-8A8C-5C6CD0094808}.Debug|ARM.Build.0 = Debug
		{D2C43C80-C791-4AB6-8A8C-5C6CD0094808}.Debug|ARM64.ActiveCfg = Debug
		{D2C43C80-C791-4AB6-8A8C-5C6CD0094808}.Debug|ARM64.Build.0 = Debug
		{D2C43C80-C791-4AB6-8A8C-5C6CD0094808}.Debug|x64.ActiveCfg = Debug
		{D2C43C80-C791-4AB6-8A8C-5C6CD0094808}.Debug|x64.Build.0 = Debug
		{D2C43C80-C791-4AB6-8A8C-5C6CD0094808}.Debug|x86.ActiveCfg = Debug
		{D2C43C80-C791-4AB6-8A8C-5C6CD0094808}.Release|Any CPU.ActiveCfg = Release
		{D2C43C80-C791-4AB6-8A8C-5C6CD0094808}.Release|Any CPU.Build.0 = Release
		{D2C43C80-C791-4AB6-8A8C-5C6CD0094808}.Release|ARM.ActiveCfg = Release
		{D2C43C80-C791-4AB6-8A8C-5C6CD0094808}.Release|ARM.Build.0 = Release
		{D2C43C80-C791-4AB6-8A8C-5C6CD0094808}.Release|ARM64.ActiveCfg = Release
		{D2C43C80-C791-4AB6-8A8C-5C6CD0094808}.Release|ARM64.Build.0 = Release
		{D2C43C80-C791-4AB6-8A8C-5C6CD0094808}.Release|x64.ActiveCfg = Release
		{D2C43C80-C791-4AB6-8A8C-5C6CD0094808}.Release|x64.Build.0 = Release
		{D2C43C80-C791-4AB6-8A8C-5C6CD0094808}.Release|x86.ActiveCfg = Release
		{99EEA78C-4922-4B51-A793-90416655DC7F}.Debug|Any CPU.ActiveCfg = Debug|Any CPU
		{99EEA78C-4922-4B51-A793-90416655DC7F}.Debug|Any CPU.Build.0 = Debug|Any CPU
		{99EEA78C-4922-4B51-A793-90416655DC7F}.Debug|Any CPU.Deploy.0 = Debug|Any CPU
		{99EEA78C-4922-4B51-A793-90416655DC7F}.Debug|ARM.ActiveCfg = Debug|ARM
		{99EEA78C-4922-4B51-A793-90416655DC7F}.Debug|ARM.Build.0 = Debug|ARM
		{99EEA78C-4922-4B51-A793-90416655DC7F}.Debug|ARM.Deploy.0 = Debug|ARM
		{99EEA78C-4922-4B51-A793-90416655DC7F}.Debug|ARM64.ActiveCfg = Debug|ARM64
		{99EEA78C-4922-4B51-A793-90416655DC7F}.Debug|ARM64.Build.0 = Debug|ARM64
		{99EEA78C-4922-4B51-A793-90416655DC7F}.Debug|ARM64.Deploy.0 = Debug|ARM64
		{99EEA78C-4922-4B51-A793-90416655DC7F}.Debug|x64.ActiveCfg = Debug|x64
		{99EEA78C-4922-4B51-A793-90416655DC7F}.Debug|x64.Build.0 = Debug|x64
		{99EEA78C-4922-4B51-A793-90416655DC7F}.Debug|x86.ActiveCfg = Debug|x86
		{99EEA78C-4922-4B51-A793-90416655DC7F}.Debug|x86.Build.0 = Debug|x86
		{99EEA78C-4922-4B51-A793-90416655DC7F}.Debug|x86.Deploy.0 = Debug|x86
		{99EEA78C-4922-4B51-A793-90416655DC7F}.Release|Any CPU.ActiveCfg = Release|Any CPU
		{99EEA78C-4922-4B51-A793-90416655DC7F}.Release|Any CPU.Build.0 = Release|Any CPU
		{99EEA78C-4922-4B51-A793-90416655DC7F}.Release|Any CPU.Deploy.0 = Release|Any CPU
		{99EEA78C-4922-4B51-A793-90416655DC7F}.Release|ARM.ActiveCfg = Release|ARM
		{99EEA78C-4922-4B51-A793-90416655DC7F}.Release|ARM.Build.0 = Release|ARM
		{99EEA78C-4922-4B51-A793-90416655DC7F}.Release|ARM.Deploy.0 = Release|ARM
		{99EEA78C-4922-4B51-A793-90416655DC7F}.Release|ARM64.ActiveCfg = Release|ARM64
		{99EEA78C-4922-4B51-A793-90416655DC7F}.Release|ARM64.Build.0 = Release|ARM64
		{99EEA78C-4922-4B51-A793-90416655DC7F}.Release|ARM64.Deploy.0 = Release|ARM64
		{99EEA78C-4922-4B51-A793-90416655DC7F}.Release|x64.ActiveCfg = Release|x64
		{99EEA78C-4922-4B51-A793-90416655DC7F}.Release|x64.Build.0 = Release|x64
		{99EEA78C-4922-4B51-A793-90416655DC7F}.Release|x86.ActiveCfg = Release|x86
		{99EEA78C-4922-4B51-A793-90416655DC7F}.Release|x86.Build.0 = Release|x86
		{99EEA78C-4922-4B51-A793-90416655DC7F}.Release|x86.Deploy.0 = Release|x86
	EndGlobalSection
	GlobalSection(SolutionProperties) = preSolution
		HideSolutionNode = FALSE
	EndGlobalSection
	GlobalSection(ExtensibilityGlobals) = postSolution
		SolutionGuid = {609942D4-39B0-4809-B46B-6855CB55774E}
	EndGlobalSection
EndGlobal
